
Microsoft Visual Studio Solution File, Format Version 12.00
# Visual Studio Version 16
VisualStudioVersion = 16.0.31019.35
MinimumVisualStudioVersion = 10.0.40219.1
Project("{FAE04EC0-301F-11D3-BF4B-00C04F79EFBC}") = "ParahumansOfTheWormverse", "ParahumansOfTheWormverse.csproj", "{6C42746A-096E-40E7-8DA4-95E40B9CDE02}"
EndProject
Global
	GlobalSection(SolutionConfigurationPlatforms) = preSolution
		Debug|Any CPU = Debug|Any CPU
		Release|Any CPU = Release|Any CPU
	EndGlobalSection
	GlobalSection(ProjectConfigurationPlatforms) = postSolution
		{6C42746A-096E-40E7-8DA4-95E40B9CDE02}.Debug|Any CPU.ActiveCfg = Debug|Any CPU
		{6C42746A-096E-40E7-8DA4-95E40B9CDE02}.Debug|Any CPU.Build.0 = Debug|Any CPU
		{6C42746A-096E-40E7-8DA4-95E40B9CDE02}.Release|Any CPU.ActiveCfg = Release|Any CPU
		{6C42746A-096E-40E7-8DA4-95E40B9CDE02}.Release|Any CPU.Build.0 = Release|Any CPU
	EndGlobalSection
	GlobalSection(SolutionProperties) = preSolution
		HideSolutionNode = FALSE
	EndGlobalSection
	GlobalSection(ExtensibilityGlobals) = postSolution
		SolutionGuid = {20178A7B-8C3F-448C-999B-409FC92EF478}
	EndGlobalSection
EndGlobal
